# THIS IS AN AUTOGENERATED FILE. DO NOT EDIT THIS FILE DIRECTLY.
# yarn lockfile v1


"@types/react@^15.0.24":
  version "15.0.24"
  resolved "https://registry.yarnpkg.com/@types/react/-/react-15.0.24.tgz#8a75299dc37906df327c18ca918bf97a55e7123b"

csstips@^0.2.0:
  version "0.2.0"
  resolved "https://registry.yarnpkg.com/csstips/-/csstips-0.2.0.tgz#30aca9b13e36f0a9396ef3ae6cff93f84f7ea01d"

csx@^8.2.1:
  version "8.2.1"
  resolved "https://registry.yarnpkg.com/csx/-/csx-8.2.1.tgz#a2eadd886fd51c8eeaaac3dc2a6e8f0e49ecc5e2"
